{
  "name": "frontend",
  "lockfileVersion": 3,
  "requires": true,
  "packages": {
    "": {
      "dependencies": {
        "jwt-decode": "^4.0.0",
        "use-debounce": "^10.0.5"
      },
      "devDependencies": {
        "@types/jwt-decode": "^3.1.0",
        "@types/lodash.debounce": "^4.0.9"
      }
    },
    "node_modules/@types/jwt-decode": {
      "version": "3.1.0",
      "resolved": "https://registry.npmjs.org/@types/jwt-decode/-/jwt-decode-3.1.0.tgz",
      "integrity": "sha512-tthwik7TKkou3mVnBnvVuHnHElbjtdbM63pdBCbZTirCt3WAdM73Y79mOri7+ljsS99ZVwUFZHLMxJuJnv/z1w==",
      "deprecated": "This is a stub types definition. jwt-decode provides its own type definitions, so you do not need this installed.",
      "dev": true,
      "license": "MIT",
      "dependencies": {
        "jwt-decode": "*"
      }
    },
    "node_modules/@types/lodash": {
      "version": "4.17.20",
      "resolved": "https://registry.npmjs.org/@types/lodash/-/lodash-4.17.20.tgz",
      "integrity": "sha512-H3MHACvFUEiujabxhaI/ImO6gUrd8oOurg7LQtS7mbwIXA/cUqWrvBsaeJ23aZEPk1TAYkurjfMbSELfoCXlGA==",
      "dev": true,
      "license": "MIT"
    },
    "node_modules/@types/lodash.debounce": {
      "version": "4.0.9",
      "resolved": "https://registry.npmjs.org/@types/lodash.debounce/-/lodash.debounce-4.0.9.tgz",
      "integrity": "sha512-Ma5JcgTREwpLRwMM+XwBR7DaWe96nC38uCBDFKZWbNKD+osjVzdpnUSwBcqCptrp16sSOLBAUb50Car5I0TCsQ==",
      "dev": true,
      "license": "MIT",
      "dependencies": {
        "@types/lodash": "*"
      }
    },
    "node_modules/jwt-decode": {
      "version": "4.0.0",
      "resolved": "https://registry.npmjs.org/jwt-decode/-/jwt-decode-4.0.0.tgz",
      "integrity": "sha512-+KJGIyHgkGuIq3IEBNftfhW/LfWhXUIY6OmyVWjliu5KH1y0fw7VQ8YndE2O4qZdMSd9SqbnC8GOcZEy0Om7sA==",
      "license": "MIT",
      "engines": {
        "node": ">=18"
      }
    },
    "node_modules/react": {
      "version": "19.1.1",
      "resolved": "https://registry.npmjs.org/react/-/react-19.1.1.tgz",
      "integrity": "sha512-w8nqGImo45dmMIfljjMwOGtbmC/mk4CMYhWIicdSflH91J9TyCyczcPFXJzrZ/ZXcgGRFeP6BU0BEJTw6tZdfQ==",
      "license": "MIT",
      "peer": true,
      "engines": {
        "node": ">=0.10.0"
      }
    },
    "node_modules/use-debounce": {
      "version": "10.0.5",
      "resolved": "https://registry.npmjs.org/use-debounce/-/use-debounce-10.0.5.tgz",
      "integrity": "sha512-Q76E3lnIV+4YT9AHcrHEHYmAd9LKwUAbPXDm7FlqVGDHiSOhX3RDjT8dm0AxbJup6WgOb1YEcKyCr11kBJR5KQ==",
      "license": "MIT",
      "engines": {
        "node": ">= 16.0.0"
      },
      "peerDependencies": {
        "react": "*"
      }
    }
  }
}
